
Microsoft Visual Studio Solution File, Format Version 12.00
# Visual Studio Version 17
VisualStudioVersion = 17.0.31903.59
MinimumVisualStudioVersion = 10.0.40219.1
Project("{FAE04EC0-301F-11D3-BF4B-00C04F79EFBC}") = "library-api", "library-api\library-api.csproj", "{ED48432B-D71F-4DB2-A70A-86D5E291C2CA}"
EndProject
Project("{FAE04EC0-301F-11D3-BF4B-00C04F79EFBC}") = "web-api", "web-api\web-api.csproj", "{4A78A626-26FA-40EC-965C-EBF304D2157A}"
EndProject
Global
	GlobalSection(SolutionConfigurationPlatforms) = preSolution
		Debug|Any CPU = Debug|Any CPU
		Release|Any CPU = Release|Any CPU
	EndGlobalSection
	GlobalSection(SolutionProperties) = preSolution
		HideSolutionNode = FALSE
	EndGlobalSection
	GlobalSection(ProjectConfigurationPlatforms) = postSolution
		{ED48432B-D71F-4DB2-A70A-86D5E291C2CA}.Debug|Any CPU.ActiveCfg = Debug|Any CPU
		{ED48432B-D71F-4DB2-A70A-86D5E291C2CA}.Debug|Any CPU.Build.0 = Debug|Any CPU
		{ED48432B-D71F-4DB2-A70A-86D5E291C2CA}.Release|Any CPU.ActiveCfg = Release|Any CPU
		{ED48432B-D71F-4DB2-A70A-86D5E291C2CA}.Release|Any CPU.Build.0 = Release|Any CPU
		{4A78A626-26FA-40EC-965C-EBF304D2157A}.Debug|Any CPU.ActiveCfg = Debug|Any CPU
		{4A78A626-26FA-40EC-965C-EBF304D2157A}.Debug|Any CPU.Build.0 = Debug|Any CPU
		{4A78A626-26FA-40EC-965C-EBF304D2157A}.Release|Any CPU.ActiveCfg = Release|Any CPU
		{4A78A626-26FA-40EC-965C-EBF304D2157A}.Release|Any CPU.Build.0 = Release|Any CPU
	EndGlobalSection
EndGlobal
